
Microsoft Visual Studio Solution File, Format Version 12.00
# Visual Studio Version 17
VisualStudioVersion = 17.9.34728.123
MinimumVisualStudioVersion = 10.0.40219.1
Project("{2150E333-8FDC-42A3-9474-1A3956D46DE8}") = "BasicFountation", "BasicFountation", "{61C84E5B-6EC0-431C-8775-9A329BD1B803}"
EndProject
Project("{2150E333-8FDC-42A3-9474-1A3956D46DE8}") = "BongoWeb", "BongoWeb", "{D97C3049-2045-4E56-AE42-F84BCB715462}"
EndProject
Project("{FAE04EC0-301F-11D3-BF4B-00C04F79EFBC}") = "Sparky", "BasicFoundation\Sparky\Sparky.csproj", "{20D09C2A-BDE7-412D-A3A5-C666828AEDF6}"
EndProject
Project("{FAE04EC0-301F-11D3-BF4B-00C04F79EFBC}") = "SparkyMSTest", "BasicFoundation\SparkyMSTest\SparkyMSTest.csproj", "{DA6B8600-F903-4245-8D77-D4659149D893}"
EndProject
Project("{FAE04EC0-301F-11D3-BF4B-00C04F79EFBC}") = "SparkyNUnitTest", "BasicFoundation\SparkyNUnitTest\SparkyNUnitTest.csproj", "{A78EB69F-A83D-4CF4-8D0F-210C6EEDC35F}"
EndProject
Project("{FAE04EC0-301F-11D3-BF4B-00C04F79EFBC}") = "SparkyXUnit", "BasicFoundation\SparkyXUnit\SparkyXUnit.csproj", "{2E4790DF-A094-4230-B514-6D3651A54184}"
EndProject
Project("{FAE04EC0-301F-11D3-BF4B-00C04F79EFBC}") = "Bongo.Core", "BongoWeb\Bongo.Core\Bongo.Core.csproj", "{B4223E01-BCB5-4B08-8909-CA8455E0A43B}"
EndProject
Project("{FAE04EC0-301F-11D3-BF4B-00C04F79EFBC}") = "Bongo.DataAccess", "BongoWeb\Bongo.DataAccess\Bongo.DataAccess.csproj", "{604FCFC7-EBF3-4A1E-9319-23A31F401AD7}"
EndProject
Project("{FAE04EC0-301F-11D3-BF4B-00C04F79EFBC}") = "Bongo.Models", "BongoWeb\Bongo.Models\Bongo.Models.csproj", "{14A31369-658B-40E0-ADF5-1953618AECD2}"
EndProject
Project("{FAE04EC0-301F-11D3-BF4B-00C04F79EFBC}") = "Bongo.Web", "BongoWeb\Bongo.Web\Bongo.Web.csproj", "{5E728D8B-33FA-4F6F-A399-0602FF6DC5EA}"
EndProject
Project("{FAE04EC0-301F-11D3-BF4B-00C04F79EFBC}") = "Bongo.Models.Tests", "BongoWeb\Bongo.Models.Tests\Bongo.Models.Tests.csproj", "{FDEDFBC8-ED35-4C31-9C3F-54C0675F374B}"
EndProject
Project("{FAE04EC0-301F-11D3-BF4B-00C04F79EFBC}") = "Bongo.DataAccess.Tests", "BongoWeb\Bongo.DataAccess.Tests\Bongo.DataAccess.Tests.csproj", "{380FD5A7-C050-4529-9E19-B2BAFC666C7A}"
EndProject
Project("{FAE04EC0-301F-11D3-BF4B-00C04F79EFBC}") = "Bongo.Core.Tests", "BongoWeb\Bongo.Core.Tests\Bongo.Core.Tests.csproj", "{962E80D0-D095-4B1F-A246-551B081C1CAE}"
EndProject
Project("{FAE04EC0-301F-11D3-BF4B-00C04F79EFBC}") = "Bongo.Web.Tests", "BongoWeb\Bongo.Web.Tests\Bongo.Web.Tests.csproj", "{48E78701-1C49-4E7B-895F-6BAAABF7C3EF}"
EndProject
Global
	GlobalSection(SolutionConfigurationPlatforms) = preSolution
		Debug|Any CPU = Debug|Any CPU
		Release|Any CPU = Release|Any CPU
	EndGlobalSection
	GlobalSection(ProjectConfigurationPlatforms) = postSolution
		{20D09C2A-BDE7-412D-A3A5-C666828AEDF6}.Debug|Any CPU.ActiveCfg = Debug|Any CPU
		{20D09C2A-BDE7-412D-A3A5-C666828AEDF6}.Debug|Any CPU.Build.0 = Debug|Any CPU
		{20D09C2A-BDE7-412D-A3A5-C666828AEDF6}.Release|Any CPU.ActiveCfg = Release|Any CPU
		{20D09C2A-BDE7-412D-A3A5-C666828AEDF6}.Release|Any CPU.Build.0 = Release|Any CPU
		{DA6B8600-F903-4245-8D77-D4659149D893}.Debug|Any CPU.ActiveCfg = Debug|Any CPU
		{DA6B8600-F903-4245-8D77-D4659149D893}.Debug|Any CPU.Build.0 = Debug|Any CPU
		{DA6B8600-F903-4245-8D77-D4659149D893}.Release|Any CPU.ActiveCfg = Release|Any CPU
		{DA6B8600-F903-4245-8D77-D4659149D893}.Release|Any CPU.Build.0 = Release|Any CPU
		{A78EB69F-A83D-4CF4-8D0F-210C6EEDC35F}.Debug|Any CPU.ActiveCfg = Debug|Any CPU
		{A78EB69F-A83D-4CF4-8D0F-210C6EEDC35F}.Debug|Any CPU.Build.0 = Debug|Any CPU
		{A78EB69F-A83D-4CF4-8D0F-210C6EEDC35F}.Release|Any CPU.ActiveCfg = Release|Any CPU
		{A78EB69F-A83D-4CF4-8D0F-210C6EEDC35F}.Release|Any CPU.Build.0 = Release|Any CPU
		{2E4790DF-A094-4230-B514-6D3651A54184}.Debug|Any CPU.ActiveCfg = Debug|Any CPU
		{2E4790DF-A094-4230-B514-6D3651A54184}.Debug|Any CPU.Build.0 = Debug|Any CPU
		{2E4790DF-A094-4230-B514-6D3651A54184}.Release|Any CPU.ActiveCfg = Release|Any CPU
		{2E4790DF-A094-4230-B514-6D3651A54184}.Release|Any CPU.Build.0 = Release|Any CPU
		{B4223E01-BCB5-4B08-8909-CA8455E0A43B}.Debug|Any CPU.ActiveCfg = Debug|Any CPU
		{B4223E01-BCB5-4B08-8909-CA8455E0A43B}.Debug|Any CPU.Build.0 = Debug|Any CPU
		{B4223E01-BCB5-4B08-8909-CA8455E0A43B}.Release|Any CPU.ActiveCfg = Release|Any CPU
		{B4223E01-BCB5-4B08-8909-CA8455E0A43B}.Release|Any CPU.Build.0 = Release|Any CPU
		{604FCFC7-EBF3-4A1E-9319-23A31F401AD7}.Debug|Any CPU.ActiveCfg = Debug|Any CPU
		{604FCFC7-EBF3-4A1E-9319-23A31F401AD7}.Debug|Any CPU.Build.0 = Debug|Any CPU
		{604FCFC7-EBF3-4A1E-9319-23A31F401AD7}.Release|Any CPU.ActiveCfg = Release|Any CPU
		{604FCFC7-EBF3-4A1E-9319-23A31F401AD7}.Release|Any CPU.Build.0 = Release|Any CPU
		{14A31369-658B-40E0-ADF5-1953618AECD2}.Debug|Any CPU.ActiveCfg = Debug|Any CPU
		{14A31369-658B-40E0-ADF5-1953618AECD2}.Debug|Any CPU.Build.0 = Debug|Any CPU
		{14A31369-658B-40E0-ADF5-1953618AECD2}.Release|Any CPU.ActiveCfg = Release|Any CPU
		{14A31369-658B-40E0-ADF5-1953618AECD2}.Release|Any CPU.Build.0 = Release|Any CPU
		{5E728D8B-33FA-4F6F-A399-0602FF6DC5EA}.Debug|Any CPU.ActiveCfg = Debug|Any CPU
		{5E728D8B-33FA-4F6F-A399-0602FF6DC5EA}.Debug|Any CPU.Build.0 = Debug|Any CPU
		{5E728D8B-33FA-4F6F-A399-0602FF6DC5EA}.Release|Any CPU.ActiveCfg = Release|Any CPU
		{5E728D8B-33FA-4F6F-A399-0602FF6DC5EA}.Release|Any CPU.Build.0 = Release|Any CPU
		{FDEDFBC8-ED35-4C31-9C3F-54C0675F374B}.Debug|Any CPU.ActiveCfg = Debug|Any CPU
		{FDEDFBC8-ED35-4C31-9C3F-54C0675F374B}.Debug|Any CPU.Build.0 = Debug|Any CPU
		{FDEDFBC8-ED35-4C31-9C3F-54C0675F374B}.Release|Any CPU.ActiveCfg = Release|Any CPU
		{FDEDFBC8-ED35-4C31-9C3F-54C0675F374B}.Release|Any CPU.Build.0 = Release|Any CPU
		{380FD5A7-C050-4529-9E19-B2BAFC666C7A}.Debug|Any CPU.ActiveCfg = Debug|Any CPU
		{380FD5A7-C050-4529-9E19-B2BAFC666C7A}.Debug|Any CPU.Build.0 = Debug|Any CPU
		{380FD5A7-C050-4529-9E19-B2BAFC666C7A}.Release|Any CPU.ActiveCfg = Release|Any CPU
		{380FD5A7-C050-4529-9E19-B2BAFC666C7A}.Release|Any CPU.Build.0 = Release|Any CPU
		{962E80D0-D095-4B1F-A246-551B081C1CAE}.Debug|Any CPU.ActiveCfg = Debug|Any CPU
		{962E80D0-D095-4B1F-A246-551B081C1CAE}.Debug|Any CPU.Build.0 = Debug|Any CPU
		{962E80D0-D095-4B1F-A246-551B081C1CAE}.Release|Any CPU.ActiveCfg = Release|Any CPU
		{962E80D0-D095-4B1F-A246-551B081C1CAE}.Release|Any CPU.Build.0 = Release|Any CPU
		{48E78701-1C49-4E7B-895F-6BAAABF7C3EF}.Debug|Any CPU.ActiveCfg = Debug|Any CPU
		{48E78701-1C49-4E7B-895F-6BAAABF7C3EF}.Debug|Any CPU.Build.0 = Debug|Any CPU
		{48E78701-1C49-4E7B-895F-6BAAABF7C3EF}.Release|Any CPU.ActiveCfg = Release|Any CPU
		{48E78701-1C49-4E7B-895F-6BAAABF7C3EF}.Release|Any CPU.Build.0 = Release|Any CPU
	EndGlobalSection
	GlobalSection(SolutionProperties) = preSolution
		HideSolutionNode = FALSE
	EndGlobalSection
	GlobalSection(NestedProjects) = preSolution
		{20D09C2A-BDE7-412D-A3A5-C666828AEDF6} = {61C84E5B-6EC0-431C-8775-9A329BD1B803}
		{DA6B8600-F903-4245-8D77-D4659149D893} = {61C84E5B-6EC0-431C-8775-9A329BD1B803}
		{A78EB69F-A83D-4CF4-8D0F-210C6EEDC35F} = {61C84E5B-6EC0-431C-8775-9A329BD1B803}
		{2E4790DF-A094-4230-B514-6D3651A54184} = {61C84E5B-6EC0-431C-8775-9A329BD1B803}
		{B4223E01-BCB5-4B08-8909-CA8455E0A43B} = {D97C3049-2045-4E56-AE42-F84BCB715462}
		{604FCFC7-EBF3-4A1E-9319-23A31F401AD7} = {D97C3049-2045-4E56-AE42-F84BCB715462}
		{14A31369-658B-40E0-ADF5-1953618AECD2} = {D97C3049-2045-4E56-AE42-F84BCB715462}
		{5E728D8B-33FA-4F6F-A399-0602FF6DC5EA} = {D97C3049-2045-4E56-AE42-F84BCB715462}
		{FDEDFBC8-ED35-4C31-9C3F-54C0675F374B} = {D97C3049-2045-4E56-AE42-F84BCB715462}
		{380FD5A7-C050-4529-9E19-B2BAFC666C7A} = {D97C3049-2045-4E56-AE42-F84BCB715462}
		{962E80D0-D095-4B1F-A246-551B081C1CAE} = {D97C3049-2045-4E56-AE42-F84BCB715462}
		{48E78701-1C49-4E7B-895F-6BAAABF7C3EF} = {D97C3049-2045-4E56-AE42-F84BCB715462}
	EndGlobalSection
	GlobalSection(ExtensibilityGlobals) = postSolution
		SolutionGuid = {98974DDA-EF35-4731-8C29-B4BD7194A94D}
	EndGlobalSection
EndGlobal
